
Microsoft Visual Studio Solution File, Format Version 12.00
# Visual Studio Version 18
VisualStudioVersion = 18.7.11911.148
MinimumVisualStudioVersion = 10.0.40219.1
Project("{FAE04EC0-301F-11D3-BF4B-00C04F79EFBC}") = "Complexion.Api", "Complexion.Api\Complexion.Api.csproj", "{48D537F2-D343-4D8E-A50D-5D5214F4D1D1}"
EndProject
Project("{FAE04EC0-301F-11D3-BF4B-00C04F79EFBC}") = "Complexion.Migrations", "Complexion.Migrations\Complexion.Migrations.csproj", "{DCB5A253-98E8-4A8D-958E-978F07C67B4C}"
EndProject
Project("{2150E333-8FDC-42A3-9474-1A3956D46DE8}") = "Solution Items", "Solution Items", "{8EC462FD-D22E-90A8-E5CE-7E832BA40C5D}"
	ProjectSection(SolutionItems) = preProject
		..\docker-compose.yml = ..\docker-compose.yml
	EndProjectSection
EndProject
Project("{FAE04EC0-301F-11D3-BF4B-00C04F79EFBC}") = "Complexion.Repository", "Complexion.Repository\Complexion.Repository.csproj", "{67E6A024-DEE6-48A2-9265-25DA03330D59}"
EndProject
Project("{FAE04EC0-301F-11D3-BF4B-00C04F79EFBC}") = "Complexion.Controllers", "Complexion.Controllers\Complexion.Controllers.csproj", "{EFB9FCF0-9095-496A-A70E-3A242C23C575}"
EndProject
Project("{FAE04EC0-301F-11D3-BF4B-00C04F79EFBC}") = "Complexion.Models", "Complexion.Models\Complexion.Models.csproj", "{5A03C556-4859-42B8-9B65-9E14C720DD0D}"
EndProject
Project("{FAE04EC0-301F-11D3-BF4B-00C04F79EFBC}") = "Complexion.Services", "Complexion.Services\Complexion.Services.csproj", "{F218C987-4045-425C-A2EF-679375DE09E3}"
EndProject
Project("{FAE04EC0-301F-11D3-BF4B-00C04F79EFBC}") = "Complexion.Tests", "Complexion.Tests\Complexion.Tests.csproj", "{94B79962-5311-49E3-BD0D-16D267DE746E}"
EndProject
Global
	GlobalSection(SolutionConfigurationPlatforms) = preSolution
		Debug|Any CPU = Debug|Any CPU
		Release|Any CPU = Release|Any CPU
	EndGlobalSection
	GlobalSection(ProjectConfigurationPlatforms) = postSolution
		{48D537F2-D343-4D8E-A50D-5D5214F4D1D1}.Debug|Any CPU.ActiveCfg = Debug|Any CPU
		{48D537F2-D343-4D8E-A50D-5D5214F4D1D1}.Debug|Any CPU.Build.0 = Debug|Any CPU
		{48D537F2-D343-4D8E-A50D-5D5214F4D1D1}.Release|Any CPU.ActiveCfg = Release|Any CPU
		{48D537F2-D343-4D8E-A50D-5D5214F4D1D1}.Release|Any CPU.Build.0 = Release|Any CPU
		{DCB5A253-98E8-4A8D-958E-978F07C67B4C}.Debug|Any CPU.ActiveCfg = Debug|Any CPU
		{DCB5A253-98E8-4A8D-958E-978F07C67B4C}.Debug|Any CPU.Build.0 = Debug|Any CPU
		{DCB5A253-98E8-4A8D-958E-978F07C67B4C}.Release|Any CPU.ActiveCfg = Release|Any CPU
		{DCB5A253-98E8-4A8D-958E-978F07C67B4C}.Release|Any CPU.Build.0 = Release|Any CPU
		{67E6A024-DEE6-48A2-9265-25DA03330D59}.Debug|Any CPU.ActiveCfg = Debug|Any CPU
		{67E6A024-DEE6-48A2-9265-25DA03330D59}.Debug|Any CPU.Build.0 = Debug|Any CPU
		{67E6A024-DEE6-48A2-9265-25DA03330D59}.Release|Any CPU.ActiveCfg = Release|Any CPU
		{67E6A024-DEE6-48A2-9265-25DA03330D59}.Release|Any CPU.Build.0 = Release|Any CPU
		{EFB9FCF0-9095-496A-A70E-3A242C23C575}.Debug|Any CPU.ActiveCfg = Debug|Any CPU
		{EFB9FCF0-9095-496A-A70E-3A242C23C575}.Debug|Any CPU.Build.0 = Debug|Any CPU
		{EFB9FCF0-9095-496A-A70E-3A242C23C575}.Release|Any CPU.ActiveCfg = Release|Any CPU
		{EFB9FCF0-9095-496A-A70E-3A242C23C575}.Release|Any CPU.Build.0 = Release|Any CPU
		{5A03C556-4859-42B8-9B65-9E14C720DD0D}.Debug|Any CPU.ActiveCfg = Debug|Any CPU
		{5A03C556-4859-42B8-9B65-9E14C720DD0D}.Debug|Any CPU.Build.0 = Debug|Any CPU
		{5A03C556-4859-42B8-9B65-9E14C720DD0D}.Release|Any CPU.ActiveCfg = Release|Any CPU
		{5A03C556-4859-42B8-9B65-9E14C720DD0D}.Release|Any CPU.Build.0 = Release|Any CPU
		{F218C987-4045-425C-A2EF-679375DE09E3}.Debug|Any CPU.ActiveCfg = Debug|Any CPU
		{F218C987-4045-425C-A2EF-679375DE09E3}.Debug|Any CPU.Build.0 = Debug|Any CPU
		{F218C987-4045-425C-A2EF-679375DE09E3}.Release|Any CPU.ActiveCfg = Release|Any CPU
		{F218C987-4045-425C-A2EF-679375DE09E3}.Release|Any CPU.Build.0 = Release|Any CPU
		{94B79962-5311-49E3-BD0D-16D267DE746E}.Debug|Any CPU.ActiveCfg = Debug|Any CPU
		{94B79962-5311-49E3-BD0D-16D267DE746E}.Debug|Any CPU.Build.0 = Debug|Any CPU
		{94B79962-5311-49E3-BD0D-16D267DE746E}.Release|Any CPU.ActiveCfg = Release|Any CPU
		{94B79962-5311-49E3-BD0D-16D267DE746E}.Release|Any CPU.Build.0 = Release|Any CPU
	EndGlobalSection
	GlobalSection(SolutionProperties) = preSolution
		HideSolutionNode = FALSE
	EndGlobalSection
	GlobalSection(ExtensibilityGlobals) = postSolution
		SolutionGuid = {EEF148B3-C0A9-4264-ACF5-B9EC6BBB84C0}
	EndGlobalSection
EndGlobal
